
Microsoft Visual Studio Solution File, Format Version 12.00
# Visual Studio Version 17
VisualStudioVersion = 17.12.35728.132
MinimumVisualStudioVersion = 10.0.40219.1
Project("{FAE04EC0-301F-11D3-BF4B-00C04F79EFBC}") = "FlowSynx.Plugins.Sqlite", "src\FlowSynx.Plugins.Sqlite.csproj", "{466CF7F6-511B-4383-B9A9-A5A21E6C0E8C}"
EndProject
Project("{2150E333-8FDC-42A3-9474-1A3956D46DE8}") = "src", "src", "{A3F3B36D-19C8-459A-A856-45829CFCD9B0}"
EndProject
Global
	GlobalSection(SolutionConfigurationPlatforms) = preSolution
		Debug|Any CPU = Debug|Any CPU
		Release|Any CPU = Release|Any CPU
	EndGlobalSection
	GlobalSection(ProjectConfigurationPlatforms) = postSolution
		{466CF7F6-511B-4383-B9A9-A5A21E6C0E8C}.Debug|Any CPU.ActiveCfg = Debug|Any CPU
		{466CF7F6-511B-4383-B9A9-A5A21E6C0E8C}.Debug|Any CPU.Build.0 = Debug|Any CPU
		{466CF7F6-511B-4383-B9A9-A5A21E6C0E8C}.Release|Any CPU.ActiveCfg = Release|Any CPU
		{466CF7F6-511B-4383-B9A9-A5A21E6C0E8C}.Release|Any CPU.Build.0 = Release|Any CPU
	EndGlobalSection
	GlobalSection(SolutionProperties) = preSolution
		HideSolutionNode = FALSE
	EndGlobalSection
	GlobalSection(NestedProjects) = preSolution
		{466CF7F6-511B-4383-B9A9-A5A21E6C0E8C} = {A3F3B36D-19C8-459A-A856-45829CFCD9B0}
	EndGlobalSection
EndGlobal
